// !$*UTF8*$!
{
	archiveVersion = 1;
	classes = {
	};
	objectVersion = 56;
	objects = {

/* Begin PBXBuildFile section */
		DC1B24D02AD9FD1800D00FD5 /* RickMortyUI.framework in Frameworks */ = {isa = PBXBuildFile; fileRef = DC1B24C82AD9FD1800D00FD5 /* RickMortyUI.framework */; };
		DC1B24D62AD9FD1800D00FD5 /* RickMortyUI.h in Headers */ = {isa = PBXBuildFile; fileRef = DC1B24CA2AD9FD1800D00FD5 /* RickMortyUI.h */; settings = {ATTRIBUTES = (Public, ); }; };
		DC4231FE2ADF5C6500D3A0A5 /* CharacterItemCellController.swift in Sources */ = {isa = PBXBuildFile; fileRef = DC4231FD2ADF5C6500D3A0A5 /* CharacterItemCellController.swift */; };
		DC4232012ADF5C9D00D3A0A5 /* CharacterItemCell.swift in Sources */ = {isa = PBXBuildFile; fileRef = DC4232002ADF5C9D00D3A0A5 /* CharacterItemCell.swift */; };
		DC7296002ADEAB34003B4B94 /* RickMortyDomain.framework in Frameworks */ = {isa = PBXBuildFile; fileRef = DCB4DE832AD1AA660047217F /* RickMortyDomain.framework */; };
		DC84962C2ACF58B200785301 /* NetworkClient.framework in Frameworks */ = {isa = PBXBuildFile; fileRef = DC8496242ACF58B200785301 /* NetworkClient.framework */; };
		DC8496312ACF58B200785301 /* NetworkClientTests.swift in Sources */ = {isa = PBXBuildFile; fileRef = DC8496302ACF58B200785301 /* NetworkClientTests.swift */; };
		DC8496322ACF58B200785301 /* NetworkClient.h in Headers */ = {isa = PBXBuildFile; fileRef = DC8496262ACF58B200785301 /* NetworkClient.h */; settings = {ATTRIBUTES = (Public, ); }; };
		DC84963A2ACF591800785301 /* NetworkClient.swift in Sources */ = {isa = PBXBuildFile; fileRef = DC8496392ACF591800785301 /* NetworkClient.swift */; };
		DC8FAC762ADEA3DE001F46E8 /* CharacterListViewController.swift in Sources */ = {isa = PBXBuildFile; fileRef = DC8FAC752ADEA3DE001F46E8 /* CharacterListViewController.swift */; };
		DCB4DE7B2AD1A96A0047217F /* URLSessionSpy.swift in Sources */ = {isa = PBXBuildFile; fileRef = DCB4DE7A2AD1A96A0047217F /* URLSessionSpy.swift */; };
		DCB4DE7D2AD1A9890047217F /* URLSessionDataTaskSpy.swift in Sources */ = {isa = PBXBuildFile; fileRef = DCB4DE7C2AD1A9890047217F /* URLSessionDataTaskSpy.swift */; };
		DCB4DE8B2AD1AA660047217F /* RickMortyDomain.framework in Frameworks */ = {isa = PBXBuildFile; fileRef = DCB4DE832AD1AA660047217F /* RickMortyDomain.framework */; };
		DCB4DE902AD1AA660047217F /* CharacterDomainTests.swift in Sources */ = {isa = PBXBuildFile; fileRef = DCB4DE8F2AD1AA660047217F /* CharacterDomainTests.swift */; };
		DCB4DE912AD1AA660047217F /* RickMortyDomain.h in Headers */ = {isa = PBXBuildFile; fileRef = DCB4DE852AD1AA660047217F /* RickMortyDomain.h */; settings = {ATTRIBUTES = (Public, ); }; };
		DCB4DE992AD1AA7B0047217F /* RickMortyLoader.swift in Sources */ = {isa = PBXBuildFile; fileRef = DCB4DE982AD1AA7B0047217F /* RickMortyLoader.swift */; };
		DCB4DE9C2AD1ADF90047217F /* RemoteCharacterLoader.swift in Sources */ = {isa = PBXBuildFile; fileRef = DCB4DE9B2AD1ADF90047217F /* RemoteCharacterLoader.swift */; };
		DCB4DE9E2AD1AF930047217F /* NetworkClient.framework in Frameworks */ = {isa = PBXBuildFile; fileRef = DC8496242ACF58B200785301 /* NetworkClient.framework */; };
		DCB4DE9F2AD1AF930047217F /* NetworkClient.framework in Embed Frameworks */ = {isa = PBXBuildFile; fileRef = DC8496242ACF58B200785301 /* NetworkClient.framework */; settings = {ATTRIBUTES = (CodeSignOnCopy, RemoveHeadersOnCopy, ); }; };
		DCB4DEA32AD1AFB90047217F /* XCTestCase+Helper.swift in Sources */ = {isa = PBXBuildFile; fileRef = DC84963C2ACF634100785301 /* XCTestCase+Helper.swift */; };
		DCB4DEA42AD1AFDE0047217F /* XCTestCase+Helper.swift in Sources */ = {isa = PBXBuildFile; fileRef = DC84963C2ACF634100785301 /* XCTestCase+Helper.swift */; };
		DCD9AF5F2AE9E19200838A03 /* CharacterUITests.swift in Sources */ = {isa = PBXBuildFile; fileRef = DCD9AF5E2AE9E19200838A03 /* CharacterUITests.swift */; };
		DCD9AF672AE9E34900838A03 /* AppDelegate.swift in Sources */ = {isa = PBXBuildFile; fileRef = DCD9AF662AE9E34900838A03 /* AppDelegate.swift */; };
		DCD9AF692AE9E34900838A03 /* SceneDelegate.swift in Sources */ = {isa = PBXBuildFile; fileRef = DCD9AF682AE9E34900838A03 /* SceneDelegate.swift */; };
		DCD9AF702AE9E34B00838A03 /* Assets.xcassets in Resources */ = {isa = PBXBuildFile; fileRef = DCD9AF6F2AE9E34B00838A03 /* Assets.xcassets */; };
		DCD9AF732AE9E34B00838A03 /* LaunchScreen.storyboard in Resources */ = {isa = PBXBuildFile; fileRef = DCD9AF712AE9E34B00838A03 /* LaunchScreen.storyboard */; };
		DCD9AF7E2AE9E34C00838A03 /* WubbaLubbaTests.swift in Sources */ = {isa = PBXBuildFile; fileRef = DCD9AF7D2AE9E34C00838A03 /* WubbaLubbaTests.swift */; };
		DCD9AF882AE9E34C00838A03 /* WubbaLubbaUITests.swift in Sources */ = {isa = PBXBuildFile; fileRef = DCD9AF872AE9E34C00838A03 /* WubbaLubbaUITests.swift */; };
		DCD9AF8A2AE9E34C00838A03 /* WubbaLubbaUITestsLaunchTests.swift in Sources */ = {isa = PBXBuildFile; fileRef = DCD9AF892AE9E34C00838A03 /* WubbaLubbaUITestsLaunchTests.swift */; };
		DCD9AF942AE9E42400838A03 /* NetworkClient.framework in Frameworks */ = {isa = PBXBuildFile; fileRef = DC8496242ACF58B200785301 /* NetworkClient.framework */; };
		DCD9AF952AE9E42400838A03 /* NetworkClient.framework in Embed Frameworks */ = {isa = PBXBuildFile; fileRef = DC8496242ACF58B200785301 /* NetworkClient.framework */; settings = {ATTRIBUTES = (CodeSignOnCopy, RemoveHeadersOnCopy, ); }; };
		DCD9AF992AE9E42900838A03 /* RickMortyDomain.framework in Frameworks */ = {isa = PBXBuildFile; fileRef = DCB4DE832AD1AA660047217F /* RickMortyDomain.framework */; };
		DCD9AF9A2AE9E42900838A03 /* RickMortyDomain.framework in Embed Frameworks */ = {isa = PBXBuildFile; fileRef = DCB4DE832AD1AA660047217F /* RickMortyDomain.framework */; settings = {ATTRIBUTES = (CodeSignOnCopy, RemoveHeadersOnCopy, ); }; };
		DCD9AF9D2AE9E42D00838A03 /* RickMortyUI.framework in Frameworks */ = {isa = PBXBuildFile; fileRef = DC1B24C82AD9FD1800D00FD5 /* RickMortyUI.framework */; };
		DCD9AF9E2AE9E42D00838A03 /* RickMortyUI.framework in Embed Frameworks */ = {isa = PBXBuildFile; fileRef = DC1B24C82AD9FD1800D00FD5 /* RickMortyUI.framework */; settings = {ATTRIBUTES = (CodeSignOnCopy, RemoveHeadersOnCopy, ); }; };
		DCD9AFA22AE9EE3500838A03 /* UIImageExtension.swift in Sources */ = {isa = PBXBuildFile; fileRef = DCD9AFA12AE9EE3500838A03 /* UIImageExtension.swift */; };
		DCE4F6F02AE0998B00F3BDA2 /* CharacterListInteractor.swift in Sources */ = {isa = PBXBuildFile; fileRef = DCE4F6EF2AE0998B00F3BDA2 /* CharacterListInteractor.swift */; };
		DCE4F6F22AE09DC100F3BDA2 /* CharacterListPresenter.swift in Sources */ = {isa = PBXBuildFile; fileRef = DCE4F6F12AE09DC100F3BDA2 /* CharacterListPresenter.swift */; };
		DCE4F6F42AE0A18300F3BDA2 /* CharacterListCompose.swift in Sources */ = {isa = PBXBuildFile; fileRef = DCE4F6F32AE0A18300F3BDA2 /* CharacterListCompose.swift */; };
		DCE4F6F52AE0A32100F3BDA2 /* XCTestCase+Helper.swift in Sources */ = {isa = PBXBuildFile; fileRef = DC84963C2ACF634100785301 /* XCTestCase+Helper.swift */; };
		DCFECDDF2AE7364B00979603 /* MainQueueDispatchDecorator.swift in Sources */ = {isa = PBXBuildFile; fileRef = DCFECDDE2AE7364B00979603 /* MainQueueDispatchDecorator.swift */; };
/* End PBXBuildFile section */

/* Begin PBXContainerItemProxy section */
		DC1B24D12AD9FD1800D00FD5 /* PBXContainerItemProxy */ = {
			isa = PBXContainerItemProxy;
			containerPortal = DC8495FE2ACF580700785301 /* Project object */;
			proxyType = 1;
			remoteGlobalIDString = DC1B24C72AD9FD1800D00FD5;
			remoteInfo = RickMortyUI;
		};
		DC38736B2ADEAAF900E3C95A /* PBXContainerItemProxy */ = {
			isa = PBXContainerItemProxy;
			containerPortal = DC8495FE2ACF580700785301 /* Project object */;
			proxyType = 1;
			remoteGlobalIDString = DCB4DE822AD1AA660047217F;
			remoteInfo = RickMortyDomain;
		};
		DC84962D2ACF58B200785301 /* PBXContainerItemProxy */ = {
			isa = PBXContainerItemProxy;
			containerPortal = DC8495FE2ACF580700785301 /* Project object */;
			proxyType = 1;
			remoteGlobalIDString = DC8496232ACF58B200785301;
			remoteInfo = NetworkClient;
		};
		DCB4DE8C2AD1AA660047217F /* PBXContainerItemProxy */ = {
			isa = PBXContainerItemProxy;
			containerPortal = DC8495FE2ACF580700785301 /* Project object */;
			proxyType = 1;
			remoteGlobalIDString = DCB4DE822AD1AA660047217F;
			remoteInfo = RickMortyDomain;
		};
		DCB4DEA02AD1AF930047217F /* PBXContainerItemProxy */ = {
			isa = PBXContainerItemProxy;
			containerPortal = DC8495FE2ACF580700785301 /* Project object */;
			proxyType = 1;
			remoteGlobalIDString = DC8496232ACF58B200785301;
			remoteInfo = NetworkClient;
		};
		DCD9AF7A2AE9E34C00838A03 /* PBXContainerItemProxy */ = {
			isa = PBXContainerItemProxy;
			containerPortal = DC8495FE2ACF580700785301 /* Project object */;
			proxyType = 1;
			remoteGlobalIDString = DCD9AF632AE9E34900838A03;
			remoteInfo = WubbaLubba;
		};
		DCD9AF842AE9E34C00838A03 /* PBXContainerItemProxy */ = {
			isa = PBXContainerItemProxy;
			containerPortal = DC8495FE2ACF580700785301 /* Project object */;
			proxyType = 1;
			remoteGlobalIDString = DCD9AF632AE9E34900838A03;
			remoteInfo = WubbaLubba;
		};
		DCD9AF962AE9E42400838A03 /* PBXContainerItemProxy */ = {
			isa = PBXContainerItemProxy;
			containerPortal = DC8495FE2ACF580700785301 /* Project object */;
			proxyType = 1;
			remoteGlobalIDString = DC8496232ACF58B200785301;
			remoteInfo = NetworkClient;
		};
		DCD9AF9B2AE9E42900838A03 /* PBXContainerItemProxy */ = {
			isa = PBXContainerItemProxy;
			containerPortal = DC8495FE2ACF580700785301 /* Project object */;
			proxyType = 1;
			remoteGlobalIDString = DCB4DE822AD1AA660047217F;
			remoteInfo = RickMortyDomain;
		};
		DCD9AF9F2AE9E42D00838A03 /* PBXContainerItemProxy */ = {
			isa = PBXContainerItemProxy;
			containerPortal = DC8495FE2ACF580700785301 /* Project object */;
			proxyType = 1;
			remoteGlobalIDString = DC1B24C72AD9FD1800D00FD5;
			remoteInfo = RickMortyUI;
		};
/* End PBXContainerItemProxy section */

/* Begin PBXCopyFilesBuildPhase section */
		DCB4DEA22AD1AF930047217F /* Embed Frameworks */ = {
			isa = PBXCopyFilesBuildPhase;
			buildActionMask = 2147483647;
			dstPath = "";
			dstSubfolderSpec = 10;
			files = (
				DCB4DE9F2AD1AF930047217F /* NetworkClient.framework in Embed Frameworks */,
			);
			name = "Embed Frameworks";
			runOnlyForDeploymentPostprocessing = 0;
		};
		DCD9AF982AE9E42400838A03 /* Embed Frameworks */ = {
			isa = PBXCopyFilesBuildPhase;
			buildActionMask = 2147483647;
			dstPath = "";
			dstSubfolderSpec = 10;
			files = (
				DCD9AF952AE9E42400838A03 /* NetworkClient.framework in Embed Frameworks */,
				DCD9AF9A2AE9E42900838A03 /* RickMortyDomain.framework in Embed Frameworks */,
				DCD9AF9E2AE9E42D00838A03 /* RickMortyUI.framework in Embed Frameworks */,
			);
			name = "Embed Frameworks";
			runOnlyForDeploymentPostprocessing = 0;
		};
/* End PBXCopyFilesBuildPhase section */

/* Begin PBXFileReference section */
		DC1B24C82AD9FD1800D00FD5 /* RickMortyUI.framework */ = {isa = PBXFileReference; explicitFileType = wrapper.framework; includeInIndex = 0; path = RickMortyUI.framework; sourceTree = BUILT_PRODUCTS_DIR; };
		DC1B24CA2AD9FD1800D00FD5 /* RickMortyUI.h */ = {isa = PBXFileReference; lastKnownFileType = sourcecode.c.h; path = RickMortyUI.h; sourceTree = "<group>"; };
		DC1B24CF2AD9FD1800D00FD5 /* RickMortyUITests.xctest */ = {isa = PBXFileReference; explicitFileType = wrapper.cfbundle; includeInIndex = 0; path = RickMortyUITests.xctest; sourceTree = BUILT_PRODUCTS_DIR; };
		DC4231FD2ADF5C6500D3A0A5 /* CharacterItemCellController.swift */ = {isa = PBXFileReference; lastKnownFileType = sourcecode.swift; path = CharacterItemCellController.swift; sourceTree = "<group>"; };
		DC4232002ADF5C9D00D3A0A5 /* CharacterItemCell.swift */ = {isa = PBXFileReference; lastKnownFileType = sourcecode.swift; path = CharacterItemCell.swift; sourceTree = "<group>"; };
		DC8496242ACF58B200785301 /* NetworkClient.framework */ = {isa = PBXFileReference; explicitFileType = wrapper.framework; includeInIndex = 0; path = NetworkClient.framework; sourceTree = BUILT_PRODUCTS_DIR; };
		DC8496262ACF58B200785301 /* NetworkClient.h */ = {isa = PBXFileReference; lastKnownFileType = sourcecode.c.h; path = NetworkClient.h; sourceTree = "<group>"; };
		DC84962B2ACF58B200785301 /* NetworkClientTests.xctest */ = {isa = PBXFileReference; explicitFileType = wrapper.cfbundle; includeInIndex = 0; path = NetworkClientTests.xctest; sourceTree = BUILT_PRODUCTS_DIR; };
		DC8496302ACF58B200785301 /* NetworkClientTests.swift */ = {isa = PBXFileReference; lastKnownFileType = sourcecode.swift; path = NetworkClientTests.swift; sourceTree = "<group>"; };
		DC8496392ACF591800785301 /* NetworkClient.swift */ = {isa = PBXFileReference; lastKnownFileType = sourcecode.swift; path = NetworkClient.swift; sourceTree = "<group>"; };
		DC84963C2ACF634100785301 /* XCTestCase+Helper.swift */ = {isa = PBXFileReference; lastKnownFileType = sourcecode.swift; path = "XCTestCase+Helper.swift"; sourceTree = "<group>"; };
		DC8FAC752ADEA3DE001F46E8 /* CharacterListViewController.swift */ = {isa = PBXFileReference; lastKnownFileType = sourcecode.swift; path = CharacterListViewController.swift; sourceTree = "<group>"; };
		DCB4DE7A2AD1A96A0047217F /* URLSessionSpy.swift */ = {isa = PBXFileReference; lastKnownFileType = sourcecode.swift; path = URLSessionSpy.swift; sourceTree = "<group>"; };
		DCB4DE7C2AD1A9890047217F /* URLSessionDataTaskSpy.swift */ = {isa = PBXFileReference; lastKnownFileType = sourcecode.swift; path = URLSessionDataTaskSpy.swift; sourceTree = "<group>"; };
		DCB4DE832AD1AA660047217F /* RickMortyDomain.framework */ = {isa = PBXFileReference; explicitFileType = wrapper.framework; includeInIndex = 0; path = RickMortyDomain.framework; sourceTree = BUILT_PRODUCTS_DIR; };
		DCB4DE852AD1AA660047217F /* RickMortyDomain.h */ = {isa = PBXFileReference; lastKnownFileType = sourcecode.c.h; path = RickMortyDomain.h; sourceTree = "<group>"; };
		DCB4DE8A2AD1AA660047217F /* RickMortyDomainTests.xctest */ = {isa = PBXFileReference; explicitFileType = wrapper.cfbundle; includeInIndex = 0; path = RickMortyDomainTests.xctest; sourceTree = BUILT_PRODUCTS_DIR; };
		DCB4DE8F2AD1AA660047217F /* CharacterDomainTests.swift */ = {isa = PBXFileReference; lastKnownFileType = sourcecode.swift; path = CharacterDomainTests.swift; sourceTree = "<group>"; };
		DCB4DE982AD1AA7B0047217F /* RickMortyLoader.swift */ = {isa = PBXFileReference; lastKnownFileType = sourcecode.swift; path = RickMortyLoader.swift; sourceTree = "<group>"; };
		DCB4DE9B2AD1ADF90047217F /* RemoteCharacterLoader.swift */ = {isa = PBXFileReference; lastKnownFileType = sourcecode.swift; path = RemoteCharacterLoader.swift; sourceTree = "<group>"; };
		DCD9AF5E2AE9E19200838A03 /* CharacterUITests.swift */ = {isa = PBXFileReference; fileEncoding = 4; lastKnownFileType = sourcecode.swift; path = CharacterUITests.swift; sourceTree = "<group>"; };
		DCD9AF642AE9E34900838A03 /* WubbaLubba.app */ = {isa = PBXFileReference; explicitFileType = wrapper.application; includeInIndex = 0; path = WubbaLubba.app; sourceTree = BUILT_PRODUCTS_DIR; };
		DCD9AF662AE9E34900838A03 /* AppDelegate.swift */ = {isa = PBXFileReference; lastKnownFileType = sourcecode.swift; path = AppDelegate.swift; sourceTree = "<group>"; };
		DCD9AF682AE9E34900838A03 /* SceneDelegate.swift */ = {isa = PBXFileReference; lastKnownFileType = sourcecode.swift; path = SceneDelegate.swift; sourceTree = "<group>"; };
		DCD9AF6F2AE9E34B00838A03 /* Assets.xcassets */ = {isa = PBXFileReference; lastKnownFileType = folder.assetcatalog; path = Assets.xcassets; sourceTree = "<group>"; };
		DCD9AF722AE9E34B00838A03 /* Base */ = {isa = PBXFileReference; lastKnownFileType = file.storyboard; name = Base; path = Base.lproj/LaunchScreen.storyboard; sourceTree = "<group>"; };
		DCD9AF742AE9E34B00838A03 /* Info.plist */ = {isa = PBXFileReference; lastKnownFileType = text.plist.xml; path = Info.plist; sourceTree = "<group>"; };
		DCD9AF792AE9E34C00838A03 /* WubbaLubbaTests.xctest */ = {isa = PBXFileReference; explicitFileType = wrapper.cfbundle; includeInIndex = 0; path = WubbaLubbaTests.xctest; sourceTree = BUILT_PRODUCTS_DIR; };
		DCD9AF7D2AE9E34C00838A03 /* WubbaLubbaTests.swift */ = {isa = PBXFileReference; lastKnownFileType = sourcecode.swift; path = WubbaLubbaTests.swift; sourceTree = "<group>"; };
		DCD9AF832AE9E34C00838A03 /* WubbaLubbaUITests.xctest */ = {isa = PBXFileReference; explicitFileType = wrapper.cfbundle; includeInIndex = 0; path = WubbaLubbaUITests.xctest; sourceTree = BUILT_PRODUCTS_DIR; };
		DCD9AF872AE9E34C00838A03 /* WubbaLubbaUITests.swift */ = {isa = PBXFileReference; lastKnownFileType = sourcecode.swift; path = WubbaLubbaUITests.swift; sourceTree = "<group>"; };
		DCD9AF892AE9E34C00838A03 /* WubbaLubbaUITestsLaunchTests.swift */ = {isa = PBXFileReference; lastKnownFileType = sourcecode.swift; path = WubbaLubbaUITestsLaunchTests.swift; sourceTree = "<group>"; };
		DCD9AFA12AE9EE3500838A03 /* UIImageExtension.swift */ = {isa = PBXFileReference; lastKnownFileType = sourcecode.swift; path = UIImageExtension.swift; sourceTree = "<group>"; };
		DCE4F6EF2AE0998B00F3BDA2 /* CharacterListInteractor.swift */ = {isa = PBXFileReference; lastKnownFileType = sourcecode.swift; path = CharacterListInteractor.swift; sourceTree = "<group>"; };
		DCE4F6F12AE09DC100F3BDA2 /* CharacterListPresenter.swift */ = {isa = PBXFileReference; lastKnownFileType = sourcecode.swift; path = CharacterListPresenter.swift; sourceTree = "<group>"; };
		DCE4F6F32AE0A18300F3BDA2 /* CharacterListCompose.swift */ = {isa = PBXFileReference; lastKnownFileType = sourcecode.swift; path = CharacterListCompose.swift; sourceTree = "<group>"; };
		DCFECDDE2AE7364B00979603 /* MainQueueDispatchDecorator.swift */ = {isa = PBXFileReference; lastKnownFileType = sourcecode.swift; path = MainQueueDispatchDecorator.swift; sourceTree = "<group>"; };
/* End PBXFileReference section */

/* Begin PBXFrameworksBuildPhase section */
		DC1B24C52AD9FD1800D00FD5 /* Frameworks */ = {
			isa = PBXFrameworksBuildPhase;
			buildActionMask = 2147483647;
			files = (
				DC7296002ADEAB34003B4B94 /* RickMortyDomain.framework in Frameworks */,
			);
			runOnlyForDeploymentPostprocessing = 0;
		};
		DC1B24CC2AD9FD1800D00FD5 /* Frameworks */ = {
			isa = PBXFrameworksBuildPhase;
			buildActionMask = 2147483647;
			files = (
				DC1B24D02AD9FD1800D00FD5 /* RickMortyUI.framework in Frameworks */,
			);
			runOnlyForDeploymentPostprocessing = 0;
		};
		DC8496212ACF58B200785301 /* Frameworks */ = {
			isa = PBXFrameworksBuildPhase;
			buildActionMask = 2147483647;
			files = (
			);
			runOnlyForDeploymentPostprocessing = 0;
		};
		DC8496282ACF58B200785301 /* Frameworks */ = {
			isa = PBXFrameworksBuildPhase;
			buildActionMask = 2147483647;
			files = (
				DC84962C2ACF58B200785301 /* NetworkClient.framework in Frameworks */,
			);
			runOnlyForDeploymentPostprocessing = 0;
		};
		DCB4DE802AD1AA660047217F /* Frameworks */ = {
			isa = PBXFrameworksBuildPhase;
			buildActionMask = 2147483647;
			files = (
				DCB4DE9E2AD1AF930047217F /* NetworkClient.framework in Frameworks */,
			);
			runOnlyForDeploymentPostprocessing = 0;
		};
		DCB4DE872AD1AA660047217F /* Frameworks */ = {
			isa = PBXFrameworksBuildPhase;
			buildActionMask = 2147483647;
			files = (
				DCB4DE8B2AD1AA660047217F /* RickMortyDomain.framework in Frameworks */,
			);
			runOnlyForDeploymentPostprocessing = 0;
		};
		DCD9AF612AE9E34900838A03 /* Frameworks */ = {
			isa = PBXFrameworksBuildPhase;
			buildActionMask = 2147483647;
			files = (
				DCD9AF942AE9E42400838A03 /* NetworkClient.framework in Frameworks */,
				DCD9AF992AE9E42900838A03 /* RickMortyDomain.framework in Frameworks */,
				DCD9AF9D2AE9E42D00838A03 /* RickMortyUI.framework in Frameworks */,
			);
			runOnlyForDeploymentPostprocessing = 0;
		};
		DCD9AF762AE9E34C00838A03 /* Frameworks */ = {
			isa = PBXFrameworksBuildPhase;
			buildActionMask = 2147483647;
			files = (
			);
			runOnlyForDeploymentPostprocessing = 0;
		};
		DCD9AF802AE9E34C00838A03 /* Frameworks */ = {
			isa = PBXFrameworksBuildPhase;
			buildActionMask = 2147483647;
			files = (
			);
			runOnlyForDeploymentPostprocessing = 0;
		};
/* End PBXFrameworksBuildPhase section */

/* Begin PBXGroup section */
		DC1B24C92AD9FD1800D00FD5 /* RickMortyUI */ = {
			isa = PBXGroup;
			children = (
				DCFECDDD2AE7363700979603 /* Helpers */,
				DCE4F6EE2AE0996800F3BDA2 /* Character */,
				DC1B24CA2AD9FD1800D00FD5 /* RickMortyUI.h */,
			);
			path = RickMortyUI;
			sourceTree = "<group>";
		};
		DC1B24D32AD9FD1800D00FD5 /* RickMortyUITests */ = {
			isa = PBXGroup;
			children = (
				DCD9AF5E2AE9E19200838A03 /* CharacterUITests.swift */,
			);
			path = RickMortyUITests;
			sourceTree = "<group>";
		};
		DC4231FC2ADF5C3D00D3A0A5 /* Controllers */ = {
			isa = PBXGroup;
			children = (
				DC8FAC752ADEA3DE001F46E8 /* CharacterListViewController.swift */,
				DC4231FD2ADF5C6500D3A0A5 /* CharacterItemCellController.swift */,
			);
			path = Controllers;
			sourceTree = "<group>";
		};
		DC4231FF2ADF5C8400D3A0A5 /* Components */ = {
			isa = PBXGroup;
			children = (
				DC4232002ADF5C9D00D3A0A5 /* CharacterItemCell.swift */,
			);
			path = Components;
			sourceTree = "<group>";
		};
		DC8495FD2ACF580700785301 = {
			isa = PBXGroup;
			children = (
				DC84963B2ACF632600785301 /* XCTestCase */,
				DC8496252ACF58B200785301 /* NetworkClient */,
				DC84962F2ACF58B200785301 /* NetworkClientTests */,
				DCB4DE842AD1AA660047217F /* RickMortyDomain */,
				DCB4DE8E2AD1AA660047217F /* RickMortyDomainTests */,
				DC1B24C92AD9FD1800D00FD5 /* RickMortyUI */,
				DC1B24D32AD9FD1800D00FD5 /* RickMortyUITests */,
				DCD9AF652AE9E34900838A03 /* WubbaLubba */,
				DCD9AF7C2AE9E34C00838A03 /* WubbaLubbaTests */,
				DCD9AF862AE9E34C00838A03 /* WubbaLubbaUITests */,
				DC8496082ACF580700785301 /* Products */,
				DCB4DE9D2AD1AF930047217F /* Frameworks */,
			);
			sourceTree = "<group>";
		};
		DC8496082ACF580700785301 /* Products */ = {
			isa = PBXGroup;
			children = (
				DC8496242ACF58B200785301 /* NetworkClient.framework */,
				DC84962B2ACF58B200785301 /* NetworkClientTests.xctest */,
				DCB4DE832AD1AA660047217F /* RickMortyDomain.framework */,
				DCB4DE8A2AD1AA660047217F /* RickMortyDomainTests.xctest */,
				DC1B24C82AD9FD1800D00FD5 /* RickMortyUI.framework */,
				DC1B24CF2AD9FD1800D00FD5 /* RickMortyUITests.xctest */,
				DCD9AF642AE9E34900838A03 /* WubbaLubba.app */,
				DCD9AF792AE9E34C00838A03 /* WubbaLubbaTests.xctest */,
				DCD9AF832AE9E34C00838A03 /* WubbaLubbaUITests.xctest */,
			);
			name = Products;
			sourceTree = "<group>";
		};
		DC8496252ACF58B200785301 /* NetworkClient */ = {
			isa = PBXGroup;
			children = (
				DC8496262ACF58B200785301 /* NetworkClient.h */,
				DC8496392ACF591800785301 /* NetworkClient.swift */,
			);
			path = NetworkClient;
			sourceTree = "<group>";
		};
		DC84962F2ACF58B200785301 /* NetworkClientTests */ = {
			isa = PBXGroup;
			children = (
				DC8496302ACF58B200785301 /* NetworkClientTests.swift */,
				DCB4DE7A2AD1A96A0047217F /* URLSessionSpy.swift */,
				DCB4DE7C2AD1A9890047217F /* URLSessionDataTaskSpy.swift */,
			);
			path = NetworkClientTests;
			sourceTree = "<group>";
		};
		DC84963B2ACF632600785301 /* XCTestCase */ = {
			isa = PBXGroup;
			children = (
				DC84963C2ACF634100785301 /* XCTestCase+Helper.swift */,
			);
			path = XCTestCase;
			sourceTree = "<group>";
		};
		DCB4DE842AD1AA660047217F /* RickMortyDomain */ = {
			isa = PBXGroup;
			children = (
				DCB4DE9A2AD1ADE80047217F /* RemoteLoader */,
				DCB4DE852AD1AA660047217F /* RickMortyDomain.h */,
				DCB4DE982AD1AA7B0047217F /* RickMortyLoader.swift */,
			);
			path = RickMortyDomain;
			sourceTree = "<group>";
		};
		DCB4DE8E2AD1AA660047217F /* RickMortyDomainTests */ = {
			isa = PBXGroup;
			children = (
				DCB4DE8F2AD1AA660047217F /* CharacterDomainTests.swift */,
			);
			path = RickMortyDomainTests;
			sourceTree = "<group>";
		};
		DCB4DE9A2AD1ADE80047217F /* RemoteLoader */ = {
			isa = PBXGroup;
			children = (
				DCB4DE9B2AD1ADF90047217F /* RemoteCharacterLoader.swift */,
			);
			path = RemoteLoader;
			sourceTree = "<group>";
		};
		DCB4DE9D2AD1AF930047217F /* Frameworks */ = {
			isa = PBXGroup;
			children = (
			);
			name = Frameworks;
			sourceTree = "<group>";
		};
		DCD9AF652AE9E34900838A03 /* WubbaLubba */ = {
			isa = PBXGroup;
			children = (
				DCD9AF662AE9E34900838A03 /* AppDelegate.swift */,
				DCD9AF682AE9E34900838A03 /* SceneDelegate.swift */,
				DCD9AF6F2AE9E34B00838A03 /* Assets.xcassets */,
				DCD9AF712AE9E34B00838A03 /* LaunchScreen.storyboard */,
				DCD9AF742AE9E34B00838A03 /* Info.plist */,
			);
			path = WubbaLubba;
			sourceTree = "<group>";
		};
		DCD9AF7C2AE9E34C00838A03 /* WubbaLubbaTests */ = {
			isa = PBXGroup;
			children = (
				DCD9AF7D2AE9E34C00838A03 /* WubbaLubbaTests.swift */,
			);
			path = WubbaLubbaTests;
			sourceTree = "<group>";
		};
		DCD9AF862AE9E34C00838A03 /* WubbaLubbaUITests */ = {
			isa = PBXGroup;
			children = (
				DCD9AF872AE9E34C00838A03 /* WubbaLubbaUITests.swift */,
				DCD9AF892AE9E34C00838A03 /* WubbaLubbaUITestsLaunchTests.swift */,
			);
			path = WubbaLubbaUITests;
			sourceTree = "<group>";
		};
		DCE4F6ED2AE0995F00F3BDA2 /* VIP */ = {
			isa = PBXGroup;
			children = (
				DCE4F6EF2AE0998B00F3BDA2 /* CharacterListInteractor.swift */,
				DCE4F6F12AE09DC100F3BDA2 /* CharacterListPresenter.swift */,
			);
			path = VIP;
			sourceTree = "<group>";
		};
		DCE4F6EE2AE0996800F3BDA2 /* Character */ = {
			isa = PBXGroup;
			children = (
				DCE4F6ED2AE0995F00F3BDA2 /* VIP */,
				DC4231FF2ADF5C8400D3A0A5 /* Components */,
				DC4231FC2ADF5C3D00D3A0A5 /* Controllers */,
				DCE4F6F32AE0A18300F3BDA2 /* CharacterListCompose.swift */,
			);
			path = Character;
			sourceTree = "<group>";
		};
		DCFECDDD2AE7363700979603 /* Helpers */ = {
			isa = PBXGroup;
			children = (
				DCFECDDE2AE7364B00979603 /* MainQueueDispatchDecorator.swift */,
				DCD9AFA12AE9EE3500838A03 /* UIImageExtension.swift */,
			);
			path = Helpers;
			sourceTree = "<group>";
		};
/* End PBXGroup section */

/* Begin PBXHeadersBuildPhase section */
		DC1B24C32AD9FD1800D00FD5 /* Headers */ = {
			isa = PBXHeadersBuildPhase;
			buildActionMask = 2147483647;
			files = (
				DC1B24D62AD9FD1800D00FD5 /* RickMortyUI.h in Headers */,
			);
			runOnlyForDeploymentPostprocessing = 0;
		};
		DC84961F2ACF58B200785301 /* Headers */ = {
			isa = PBXHeadersBuildPhase;
			buildActionMask = 2147483647;
			files = (
				DC8496322ACF58B200785301 /* NetworkClient.h in Headers */,
			);
			runOnlyForDeploymentPostprocessing = 0;
		};
		DCB4DE7E2AD1AA660047217F /* Headers */ = {
			isa = PBXHeadersBuildPhase;
			buildActionMask = 2147483647;
			files = (
				DCB4DE912AD1AA660047217F /* RickMortyDomain.h in Headers */,
			);
			runOnlyForDeploymentPostprocessing = 0;
		};
/* End PBXHeadersBuildPhase section */

/* Begin PBXNativeTarget section */
		DC1B24C72AD9FD1800D00FD5 /* RickMortyUI */ = {
			isa = PBXNativeTarget;
			buildConfigurationList = DC1B24DB2AD9FD1800D00FD5 /* Build configuration list for PBXNativeTarget "RickMortyUI" */;
			buildPhases = (
				DC1B24C32AD9FD1800D00FD5 /* Headers */,
				DC1B24C42AD9FD1800D00FD5 /* Sources */,
				DC1B24C52AD9FD1800D00FD5 /* Frameworks */,
			);
			buildRules = (
			);
			dependencies = (
				DC38736C2ADEAAF900E3C95A /* PBXTargetDependency */,
			);
			name = RickMortyUI;
			productName = RickMortyUI;
			productReference = DC1B24C82AD9FD1800D00FD5 /* RickMortyUI.framework */;
			productType = "com.apple.product-type.framework";
		};
		DC1B24CE2AD9FD1800D00FD5 /* RickMortyUITests */ = {
			isa = PBXNativeTarget;
			buildConfigurationList = DC1B24DC2AD9FD1800D00FD5 /* Build configuration list for PBXNativeTarget "RickMortyUITests" */;
			buildPhases = (
				DC1B24CB2AD9FD1800D00FD5 /* Sources */,
				DC1B24CC2AD9FD1800D00FD5 /* Frameworks */,
				DC1B24CD2AD9FD1800D00FD5 /* Resources */,
			);
			buildRules = (
			);
			dependencies = (
				DC1B24D22AD9FD1800D00FD5 /* PBXTargetDependency */,
			);
			name = RickMortyUITests;
			productName = RickMortyUITests;
			productReference = DC1B24CF2AD9FD1800D00FD5 /* RickMortyUITests.xctest */;
			productType = "com.apple.product-type.bundle.unit-test";
		};
		DC8496232ACF58B200785301 /* NetworkClient */ = {
			isa = PBXNativeTarget;
			buildConfigurationList = DC8496332ACF58B200785301 /* Build configuration list for PBXNativeTarget "NetworkClient" */;
			buildPhases = (
				DC84961F2ACF58B200785301 /* Headers */,
				DC8496202ACF58B200785301 /* Sources */,
				DC8496212ACF58B200785301 /* Frameworks */,
				DC8496222ACF58B200785301 /* Resources */,
			);
			buildRules = (
			);
			dependencies = (
			);
			name = NetworkClient;
			productName = NetworkClient;
			productReference = DC8496242ACF58B200785301 /* NetworkClient.framework */;
			productType = "com.apple.product-type.framework";
		};
		DC84962A2ACF58B200785301 /* NetworkClientTests */ = {
			isa = PBXNativeTarget;
			buildConfigurationList = DC8496362ACF58B200785301 /* Build configuration list for PBXNativeTarget "NetworkClientTests" */;
			buildPhases = (
				DC8496272ACF58B200785301 /* Sources */,
				DC8496282ACF58B200785301 /* Frameworks */,
				DC8496292ACF58B200785301 /* Resources */,
			);
			buildRules = (
			);
			dependencies = (
				DC84962E2ACF58B200785301 /* PBXTargetDependency */,
			);
			name = NetworkClientTests;
			productName = NetworkClientTests;
			productReference = DC84962B2ACF58B200785301 /* NetworkClientTests.xctest */;
			productType = "com.apple.product-type.bundle.unit-test";
		};
		DCB4DE822AD1AA660047217F /* RickMortyDomain */ = {
			isa = PBXNativeTarget;
			buildConfigurationList = DCB4DE922AD1AA660047217F /* Build configuration list for PBXNativeTarget "RickMortyDomain" */;
			buildPhases = (
				DCB4DE7E2AD1AA660047217F /* Headers */,
				DCB4DE7F2AD1AA660047217F /* Sources */,
				DCB4DE802AD1AA660047217F /* Frameworks */,
				DCB4DE812AD1AA660047217F /* Resources */,
				DCB4DEA22AD1AF930047217F /* Embed Frameworks */,
			);
			buildRules = (
			);
			dependencies = (
				DCB4DEA12AD1AF930047217F /* PBXTargetDependency */,
			);
			name = RickMortyDomain;
			productName = RickMortyDomain;
			productReference = DCB4DE832AD1AA660047217F /* RickMortyDomain.framework */;
			productType = "com.apple.product-type.framework";
		};
		DCB4DE892AD1AA660047217F /* RickMortyDomainTests */ = {
			isa = PBXNativeTarget;
			buildConfigurationList = DCB4DE952AD1AA660047217F /* Build configuration list for PBXNativeTarget "RickMortyDomainTests" */;
			buildPhases = (
				DCB4DE862AD1AA660047217F /* Sources */,
				DCB4DE872AD1AA660047217F /* Frameworks */,
				DCB4DE882AD1AA660047217F /* Resources */,
			);
			buildRules = (
			);
			dependencies = (
				DCB4DE8D2AD1AA660047217F /* PBXTargetDependency */,
			);
			name = RickMortyDomainTests;
			productName = RickMortyDomainTests;
			productReference = DCB4DE8A2AD1AA660047217F /* RickMortyDomainTests.xctest */;
			productType = "com.apple.product-type.bundle.unit-test";
		};
		DCD9AF632AE9E34900838A03 /* WubbaLubba */ = {
			isa = PBXNativeTarget;
			buildConfigurationList = DCD9AF8B2AE9E34C00838A03 /* Build configuration list for PBXNativeTarget "WubbaLubba" */;
			buildPhases = (
				DCD9AF602AE9E34900838A03 /* Sources */,
				DCD9AF612AE9E34900838A03 /* Frameworks */,
				DCD9AF622AE9E34900838A03 /* Resources */,
				DCD9AF982AE9E42400838A03 /* Embed Frameworks */,
			);
			buildRules = (
			);
			dependencies = (
				DCD9AF972AE9E42400838A03 /* PBXTargetDependency */,
				DCD9AF9C2AE9E42900838A03 /* PBXTargetDependency */,
				DCD9AFA02AE9E42D00838A03 /* PBXTargetDependency */,
			);
			name = WubbaLubba;
			productName = WubbaLubba;
			productReference = DCD9AF642AE9E34900838A03 /* WubbaLubba.app */;
			productType = "com.apple.product-type.application";
		};
		DCD9AF782AE9E34C00838A03 /* WubbaLubbaTests */ = {
			isa = PBXNativeTarget;
			buildConfigurationList = DCD9AF8E2AE9E34C00838A03 /* Build configuration list for PBXNativeTarget "WubbaLubbaTests" */;
			buildPhases = (
				DCD9AF752AE9E34C00838A03 /* Sources */,
				DCD9AF762AE9E34C00838A03 /* Frameworks */,
				DCD9AF772AE9E34C00838A03 /* Resources */,
			);
			buildRules = (
			);
			dependencies = (
				DCD9AF7B2AE9E34C00838A03 /* PBXTargetDependency */,
			);
			name = WubbaLubbaTests;
			productName = WubbaLubbaTests;
			productReference = DCD9AF792AE9E34C00838A03 /* WubbaLubbaTests.xctest */;
			productType = "com.apple.product-type.bundle.unit-test";
		};
		DCD9AF822AE9E34C00838A03 /* WubbaLubbaUITests */ = {
			isa = PBXNativeTarget;
			buildConfigurationList = DCD9AF912AE9E34C00838A03 /* Build configuration list for PBXNativeTarget "WubbaLubbaUITests" */;
			buildPhases = (
				DCD9AF7F2AE9E34C00838A03 /* Sources */,
				DCD9AF802AE9E34C00838A03 /* Frameworks */,
				DCD9AF812AE9E34C00838A03 /* Resources */,
			);
			buildRules = (
			);
			dependencies = (
				DCD9AF852AE9E34C00838A03 /* PBXTargetDependency */,
			);
			name = WubbaLubbaUITests;
			productName = WubbaLubbaUITests;
			productReference = DCD9AF832AE9E34C00838A03 /* WubbaLubbaUITests.xctest */;
			productType = "com.apple.product-type.bundle.ui-testing";
		};
/* End PBXNativeTarget section */

/* Begin PBXProject section */
		DC8495FE2ACF580700785301 /* Project object */ = {
			isa = PBXProject;
			attributes = {
				BuildIndependentTargetsInParallel = 1;
				LastSwiftUpdateCheck = 1430;
				LastUpgradeCheck = 1430;
				TargetAttributes = {
					DC1B24C72AD9FD1800D00FD5 = {
						CreatedOnToolsVersion = 14.3;
						LastSwiftMigration = 1430;
					};
					DC1B24CE2AD9FD1800D00FD5 = {
						CreatedOnToolsVersion = 14.3;
					};
					DC8496232ACF58B200785301 = {
						CreatedOnToolsVersion = 14.3;
						LastSwiftMigration = 1430;
					};
					DC84962A2ACF58B200785301 = {
						CreatedOnToolsVersion = 14.3;
					};
					DCB4DE822AD1AA660047217F = {
						CreatedOnToolsVersion = 14.3;
						LastSwiftMigration = 1430;
					};
					DCB4DE892AD1AA660047217F = {
						CreatedOnToolsVersion = 14.3;
					};
					DCD9AF632AE9E34900838A03 = {
						CreatedOnToolsVersion = 14.3;
					};
					DCD9AF782AE9E34C00838A03 = {
						CreatedOnToolsVersion = 14.3;
						TestTargetID = DCD9AF632AE9E34900838A03;
					};
					DCD9AF822AE9E34C00838A03 = {
						CreatedOnToolsVersion = 14.3;
						TestTargetID = DCD9AF632AE9E34900838A03;
					};
				};
			};
			buildConfigurationList = DC8496012ACF580700785301 /* Build configuration list for PBXProject "RickMorty" */;
			compatibilityVersion = "Xcode 14.0";
			developmentRegion = en;
			hasScannedForEncodings = 0;
			knownRegions = (
				en,
				Base,
			);
			mainGroup = DC8495FD2ACF580700785301;
			productRefGroup = DC8496082ACF580700785301 /* Products */;
			projectDirPath = "";
			projectRoot = "";
			targets = (
				DC8496232ACF58B200785301 /* NetworkClient */,
				DC84962A2ACF58B200785301 /* NetworkClientTests */,
				DCB4DE822AD1AA660047217F /* RickMortyDomain */,
				DCB4DE892AD1AA660047217F /* RickMortyDomainTests */,
				DC1B24C72AD9FD1800D00FD5 /* RickMortyUI */,
				DC1B24CE2AD9FD1800D00FD5 /* RickMortyUITests */,
				DCD9AF632AE9E34900838A03 /* WubbaLubba */,
				DCD9AF782AE9E34C00838A03 /* WubbaLubbaTests */,
				DCD9AF822AE9E34C00838A03 /* WubbaLubbaUITests */,
			);
		};
/* End PBXProject section */

/* Begin PBXResourcesBuildPhase section */
		DC1B24CD2AD9FD1800D00FD5 /* Resources */ = {
			isa = PBXResourcesBuildPhase;
			buildActionMask = 2147483647;
			files = (
			);
			runOnlyForDeploymentPostprocessing = 0;
		};
		DC8496222ACF58B200785301 /* Resources */ = {
			isa = PBXResourcesBuildPhase;
			buildActionMask = 2147483647;
			files = (
			);
			runOnlyForDeploymentPostprocessing = 0;
		};
		DC8496292ACF58B200785301 /* Resources */ = {
			isa = PBXResourcesBuildPhase;
			buildActionMask = 2147483647;
			files = (
			);
			runOnlyForDeploymentPostprocessing = 0;
		};
		DCB4DE812AD1AA660047217F /* Resources */ = {
			isa = PBXResourcesBuildPhase;
			buildActionMask = 2147483647;
			files = (
			);
			runOnlyForDeploymentPostprocessing = 0;
		};
		DCB4DE882AD1AA660047217F /* Resources */ = {
			isa = PBXResourcesBuildPhase;
			buildActionMask = 2147483647;
			files = (
			);
			runOnlyForDeploymentPostprocessing = 0;
		};
		DCD9AF622AE9E34900838A03 /* Resources */ = {
			isa = PBXResourcesBuildPhase;
			buildActionMask = 2147483647;
			files = (
				DCD9AF732AE9E34B00838A03 /* LaunchScreen.storyboard in Resources */,
				DCD9AF702AE9E34B00838A03 /* Assets.xcassets in Resources */,
			);
			runOnlyForDeploymentPostprocessing = 0;
		};
		DCD9AF772AE9E34C00838A03 /* Resources */ = {
			isa = PBXResourcesBuildPhase;
			buildActionMask = 2147483647;
			files = (
			);
			runOnlyForDeploymentPostprocessing = 0;
		};
		DCD9AF812AE9E34C00838A03 /* Resources */ = {
			isa = PBXResourcesBuildPhase;
			buildActionMask = 2147483647;
			files = (
			);
			runOnlyForDeploymentPostprocessing = 0;
		};
/* End PBXResourcesBuildPhase section */

/* Begin PBXSourcesBuildPhase section */
		DC1B24C42AD9FD1800D00FD5 /* Sources */ = {
			isa = PBXSourcesBuildPhase;
			buildActionMask = 2147483647;
			files = (
				DCE4F6F02AE0998B00F3BDA2 /* CharacterListInteractor.swift in Sources */,
				DCFECDDF2AE7364B00979603 /* MainQueueDispatchDecorator.swift in Sources */,
				DCE4F6F22AE09DC100F3BDA2 /* CharacterListPresenter.swift in Sources */,
				DC4231FE2ADF5C6500D3A0A5 /* CharacterItemCellController.swift in Sources */,
				DC4232012ADF5C9D00D3A0A5 /* CharacterItemCell.swift in Sources */,
				DCE4F6F42AE0A18300F3BDA2 /* CharacterListCompose.swift in Sources */,
				DC8FAC762ADEA3DE001F46E8 /* CharacterListViewController.swift in Sources */,
				DCD9AFA22AE9EE3500838A03 /* UIImageExtension.swift in Sources */,
			);
			runOnlyForDeploymentPostprocessing = 0;
		};
		DC1B24CB2AD9FD1800D00FD5 /* Sources */ = {
			isa = PBXSourcesBuildPhase;
			buildActionMask = 2147483647;
			files = (
				DCD9AF5F2AE9E19200838A03 /* CharacterUITests.swift in Sources */,
				DCE4F6F52AE0A32100F3BDA2 /* XCTestCase+Helper.swift in Sources */,
			);
			runOnlyForDeploymentPostprocessing = 0;
		};
		DC8496202ACF58B200785301 /* Sources */ = {
			isa = PBXSourcesBuildPhase;
			buildActionMask = 2147483647;
			files = (
				DC84963A2ACF591800785301 /* NetworkClient.swift in Sources */,
			);
			runOnlyForDeploymentPostprocessing = 0;
		};
		DC8496272ACF58B200785301 /* Sources */ = {
			isa = PBXSourcesBuildPhase;
			buildActionMask = 2147483647;
			files = (
				DCB4DEA42AD1AFDE0047217F /* XCTestCase+Helper.swift in Sources */,
				DCB4DE7B2AD1A96A0047217F /* URLSessionSpy.swift in Sources */,
				DCB4DE7D2AD1A9890047217F /* URLSessionDataTaskSpy.swift in Sources */,
				DC8496312ACF58B200785301 /* NetworkClientTests.swift in Sources */,
			);
			runOnlyForDeploymentPostprocessing = 0;
		};
		DCB4DE7F2AD1AA660047217F /* Sources */ = {
			isa = PBXSourcesBuildPhase;
			buildActionMask = 2147483647;
			files = (
				DCB4DE992AD1AA7B0047217F /* RickMortyLoader.swift in Sources */,
				DCB4DE9C2AD1ADF90047217F /* RemoteCharacterLoader.swift in Sources */,
			);
			runOnlyForDeploymentPostprocessing = 0;
		};
		DCB4DE862AD1AA660047217F /* Sources */ = {
			isa = PBXSourcesBuildPhase;
			buildActionMask = 2147483647;
			files = (
				DCB4DEA32AD1AFB90047217F /* XCTestCase+Helper.swift in Sources */,
				DCB4DE902AD1AA660047217F /* CharacterDomainTests.swift in Sources */,
			);
			runOnlyForDeploymentPostprocessing = 0;
		};
		DCD9AF602AE9E34900838A03 /* Sources */ = {
			isa = PBXSourcesBuildPhase;
			buildActionMask = 2147483647;
			files = (
				DCD9AF672AE9E34900838A03 /* AppDelegate.swift in Sources */,
				DCD9AF692AE9E34900838A03 /* SceneDelegate.swift in Sources */,
			);
			runOnlyForDeploymentPostprocessing = 0;
		};
		DCD9AF752AE9E34C00838A03 /* Sources */ = {
			isa = PBXSourcesBuildPhase;
			buildActionMask = 2147483647;
			files = (
				DCD9AF7E2AE9E34C00838A03 /* WubbaLubbaTests.swift in Sources */,
			);
			runOnlyForDeploymentPostprocessing = 0;
		};
		DCD9AF7F2AE9E34C00838A03 /* Sources */ = {
			isa = PBXSourcesBuildPhase;
			buildActionMask = 2147483647;
			files = (
				DCD9AF882AE9E34C00838A03 /* WubbaLubbaUITests.swift in Sources */,
				DCD9AF8A2AE9E34C00838A03 /* WubbaLubbaUITestsLaunchTests.swift in Sources */,
			);
			runOnlyForDeploymentPostprocessing = 0;
		};
/* End PBXSourcesBuildPhase section */

/* Begin PBXTargetDependency section */
		DC1B24D22AD9FD1800D00FD5 /* PBXTargetDependency */ = {
			isa = PBXTargetDependency;
			target = DC1B24C72AD9FD1800D00FD5 /* RickMortyUI */;
			targetProxy = DC1B24D12AD9FD1800D00FD5 /* PBXContainerItemProxy */;
		};
		DC38736C2ADEAAF900E3C95A /* PBXTargetDependency */ = {
			isa = PBXTargetDependency;
			target = DCB4DE822AD1AA660047217F /* RickMortyDomain */;
			targetProxy = DC38736B2ADEAAF900E3C95A /* PBXContainerItemProxy */;
		};
		DC84962E2ACF58B200785301 /* PBXTargetDependency */ = {
			isa = PBXTargetDependency;
			target = DC8496232ACF58B200785301 /* NetworkClient */;
			targetProxy = DC84962D2ACF58B200785301 /* PBXContainerItemProxy */;
		};
		DCB4DE8D2AD1AA660047217F /* PBXTargetDependency */ = {
			isa = PBXTargetDependency;
			target = DCB4DE822AD1AA660047217F /* RickMortyDomain */;
			targetProxy = DCB4DE8C2AD1AA660047217F /* PBXContainerItemProxy */;
		};
		DCB4DEA12AD1AF930047217F /* PBXTargetDependency */ = {
			isa = PBXTargetDependency;
			target = DC8496232ACF58B200785301 /* NetworkClient */;
			targetProxy = DCB4DEA02AD1AF930047217F /* PBXContainerItemProxy */;
		};
		DCD9AF7B2AE9E34C00838A03 /* PBXTargetDependency */ = {
			isa = PBXTargetDependency;
			target = DCD9AF632AE9E34900838A03 /* WubbaLubba */;
			targetProxy = DCD9AF7A2AE9E34C00838A03 /* PBXContainerItemProxy */;
		};
		DCD9AF852AE9E34C00838A03 /* PBXTargetDependency */ = {
			isa = PBXTargetDependency;
			target = DCD9AF632AE9E34900838A03 /* WubbaLubba */;
			targetProxy = DCD9AF842AE9E34C00838A03 /* PBXContainerItemProxy */;
		};
		DCD9AF972AE9E42400838A03 /* PBXTargetDependency */ = {
			isa = PBXTargetDependency;
			target = DC8496232ACF58B200785301 /* NetworkClient */;
			targetProxy = DCD9AF962AE9E42400838A03 /* PBXContainerItemProxy */;
		};
		DCD9AF9C2AE9E42900838A03 /* PBXTargetDependency */ = {
			isa = PBXTargetDependency;
			target = DCB4DE822AD1AA660047217F /* RickMortyDomain */;
			targetProxy = DCD9AF9B2AE9E42900838A03 /* PBXContainerItemProxy */;
		};
		DCD9AFA02AE9E42D00838A03 /* PBXTargetDependency */ = {
			isa = PBXTargetDependency;
			target = DC1B24C72AD9FD1800D00FD5 /* RickMortyUI */;
			targetProxy = DCD9AF9F2AE9E42D00838A03 /* PBXContainerItemProxy */;
		};
/* End PBXTargetDependency section */

/* Begin PBXVariantGroup section */
		DCD9AF712AE9E34B00838A03 /* LaunchScreen.storyboard */ = {
			isa = PBXVariantGroup;
			children = (
				DCD9AF722AE9E34B00838A03 /* Base */,
			);
			name = LaunchScreen.storyboard;
			sourceTree = "<group>";
		};
/* End PBXVariantGroup section */

/* Begin XCBuildConfiguration section */
		DC1B24D72AD9FD1800D00FD5 /* Debug */ = {
			isa = XCBuildConfiguration;
			buildSettings = {
				CLANG_ENABLE_MODULES = YES;
				CODE_SIGN_STYLE = Manual;
				CURRENT_PROJECT_VERSION = 1;
				DEFINES_MODULE = YES;
				DEVELOPMENT_TEAM = "";
				DYLIB_COMPATIBILITY_VERSION = 1;
				DYLIB_CURRENT_VERSION = 1;
				DYLIB_INSTALL_NAME_BASE = "@rpath";
				ENABLE_MODULE_VERIFIER = YES;
				GENERATE_INFOPLIST_FILE = YES;
				INFOPLIST_KEY_NSHumanReadableCopyright = "";
				INSTALL_PATH = "$(LOCAL_LIBRARY_DIR)/Frameworks";
				IPHONEOS_DEPLOYMENT_TARGET = 16.4;
				LD_RUNPATH_SEARCH_PATHS = (
					"$(inherited)",
					"@executable_path/Frameworks",
					"@loader_path/Frameworks",
				);
				MARKETING_VERSION = 1.0;
				MODULE_VERIFIER_SUPPORTED_LANGUAGES = "objective-c objective-c++";
				MODULE_VERIFIER_SUPPORTED_LANGUAGE_STANDARDS = "gnu11 gnu++20";
				PRODUCT_BUNDLE_IDENTIFIER = com.RickMorty.RickMortyUI;
				PRODUCT_NAME = "$(TARGET_NAME:c99extidentifier)";
				PROVISIONING_PROFILE_SPECIFIER = "";
				SKIP_INSTALL = YES;
				SWIFT_EMIT_LOC_STRINGS = YES;
				SWIFT_OPTIMIZATION_LEVEL = "-Onone";
				SWIFT_VERSION = 5.0;
				TARGETED_DEVICE_FAMILY = "1,2";
			};
			name = Debug;
		};
		DC1B24D82AD9FD1800D00FD5 /* Release */ = {
			isa = XCBuildConfiguration;
			buildSettings = {
				CLANG_ENABLE_MODULES = YES;
				CODE_SIGN_STYLE = Manual;
				CURRENT_PROJECT_VERSION = 1;
				DEFINES_MODULE = YES;
				DEVELOPMENT_TEAM = "";
				DYLIB_COMPATIBILITY_VERSION = 1;
				DYLIB_CURRENT_VERSION = 1;
				DYLIB_INSTALL_NAME_BASE = "@rpath";
				ENABLE_MODULE_VERIFIER = YES;
				GENERATE_INFOPLIST_FILE = YES;
				INFOPLIST_KEY_NSHumanReadableCopyright = "";
				INSTALL_PATH = "$(LOCAL_LIBRARY_DIR)/Frameworks";
				IPHONEOS_DEPLOYMENT_TARGET = 16.4;
				LD_RUNPATH_SEARCH_PATHS = (
					"$(inherited)",
					"@executable_path/Frameworks",
					"@loader_path/Frameworks",
				);
				MARKETING_VERSION = 1.0;
				MODULE_VERIFIER_SUPPORTED_LANGUAGES = "objective-c objective-c++";
				MODULE_VERIFIER_SUPPORTED_LANGUAGE_STANDARDS = "gnu11 gnu++20";
				PRODUCT_BUNDLE_IDENTIFIER = com.RickMorty.RickMortyUI;
				PRODUCT_NAME = "$(TARGET_NAME:c99extidentifier)";
				PROVISIONING_PROFILE_SPECIFIER = "";
				SKIP_INSTALL = YES;
				SWIFT_EMIT_LOC_STRINGS = YES;
				SWIFT_VERSION = 5.0;
				TARGETED_DEVICE_FAMILY = "1,2";
			};
			name = Release;
		};
		DC1B24D92AD9FD1800D00FD5 /* Debug */ = {
			isa = XCBuildConfiguration;
			buildSettings = {
				ALWAYS_EMBED_SWIFT_STANDARD_LIBRARIES = YES;
				"CODE_SIGN_IDENTITY[sdk=macosx*]" = "-";
				CODE_SIGN_STYLE = Manual;
				CURRENT_PROJECT_VERSION = 1;
				DEVELOPMENT_TEAM = "";
				GENERATE_INFOPLIST_FILE = YES;
				IPHONEOS_DEPLOYMENT_TARGET = 16.4;
				MARKETING_VERSION = 1.0;
				PRODUCT_BUNDLE_IDENTIFIER = com.RickMorty.RickMortyUITests;
				PRODUCT_NAME = "$(TARGET_NAME)";
				PROVISIONING_PROFILE_SPECIFIER = "";
				SWIFT_EMIT_LOC_STRINGS = NO;
				SWIFT_VERSION = 5.0;
				TARGETED_DEVICE_FAMILY = "1,2";
			};
			name = Debug;
		};
		DC1B24DA2AD9FD1800D00FD5 /* Release */ = {
			isa = XCBuildConfiguration;
			buildSettings = {
				ALWAYS_EMBED_SWIFT_STANDARD_LIBRARIES = YES;
				"CODE_SIGN_IDENTITY[sdk=macosx*]" = "-";
				CODE_SIGN_STYLE = Manual;
				CURRENT_PROJECT_VERSION = 1;
				DEVELOPMENT_TEAM = "";
				GENERATE_INFOPLIST_FILE = YES;
				IPHONEOS_DEPLOYMENT_TARGET = 16.4;
				MARKETING_VERSION = 1.0;
				PRODUCT_BUNDLE_IDENTIFIER = com.RickMorty.RickMortyUITests;
				PRODUCT_NAME = "$(TARGET_NAME)";
				PROVISIONING_PROFILE_SPECIFIER = "";
				SWIFT_EMIT_LOC_STRINGS = NO;
				SWIFT_VERSION = 5.0;
				TARGETED_DEVICE_FAMILY = "1,2";
			};
			name = Release;
		};
		DC8496172ACF580700785301 /* Debug */ = {
			isa = XCBuildConfiguration;
			buildSettings = {
				ALWAYS_SEARCH_USER_PATHS = NO;
				CLANG_ANALYZER_NONNULL = YES;
				CLANG_ANALYZER_NUMBER_OBJECT_CONVERSION = YES_AGGRESSIVE;
				CLANG_CXX_LANGUAGE_STANDARD = "gnu++20";
				CLANG_ENABLE_MODULES = YES;
				CLANG_ENABLE_OBJC_ARC = YES;
				CLANG_ENABLE_OBJC_WEAK = YES;
				CLANG_WARN_BLOCK_CAPTURE_AUTORELEASING = YES;
				CLANG_WARN_BOOL_CONVERSION = YES;
				CLANG_WARN_COMMA = YES;
				CLANG_WARN_CONSTANT_CONVERSION = YES;
				CLANG_WARN_DEPRECATED_OBJC_IMPLEMENTATIONS = YES;
				CLANG_WARN_DIRECT_OBJC_ISA_USAGE = YES_ERROR;
				CLANG_WARN_DOCUMENTATION_COMMENTS = YES;
				CLANG_WARN_EMPTY_BODY = YES;
				CLANG_WARN_ENUM_CONVERSION = YES;
				CLANG_WARN_INFINITE_RECURSION = YES;
				CLANG_WARN_INT_CONVERSION = YES;
				CLANG_WARN_NON_LITERAL_NULL_CONVERSION = YES;
				CLANG_WARN_OBJC_IMPLICIT_RETAIN_SELF = YES;
				CLANG_WARN_OBJC_LITERAL_CONVERSION = YES;
				CLANG_WARN_OBJC_ROOT_CLASS = YES_ERROR;
				CLANG_WARN_QUOTED_INCLUDE_IN_FRAMEWORK_HEADER = YES;
				CLANG_WARN_RANGE_LOOP_ANALYSIS = YES;
				CLANG_WARN_STRICT_PROTOTYPES = YES;
				CLANG_WARN_SUSPICIOUS_MOVE = YES;
				CLANG_WARN_UNGUARDED_AVAILABILITY = YES_AGGRESSIVE;
				CLANG_WARN_UNREACHABLE_CODE = YES;
				CLANG_WARN__DUPLICATE_METHOD_MATCH = YES;
				COPY_PHASE_STRIP = NO;
				CURRENT_PROJECT_VERSION = 1;
				DEBUG_INFORMATION_FORMAT = dwarf;
				ENABLE_STRICT_OBJC_MSGSEND = YES;
				ENABLE_TESTABILITY = YES;
				GCC_C_LANGUAGE_STANDARD = gnu11;
				GCC_DYNAMIC_NO_PIC = NO;
				GCC_NO_COMMON_BLOCKS = YES;
				GCC_OPTIMIZATION_LEVEL = 0;
				GCC_PREPROCESSOR_DEFINITIONS = (
					"DEBUG=1",
					"$(inherited)",
				);
				GCC_WARN_64_TO_32_BIT_CONVERSION = YES;
				GCC_WARN_ABOUT_RETURN_TYPE = YES_ERROR;
				GCC_WARN_UNDECLARED_SELECTOR = YES;
				GCC_WARN_UNINITIALIZED_AUTOS = YES_AGGRESSIVE;
				GCC_WARN_UNUSED_FUNCTION = YES;
				GCC_WARN_UNUSED_VARIABLE = YES;
				IPHONEOS_DEPLOYMENT_TARGET = 16.4;
				MTL_ENABLE_DEBUG_INFO = INCLUDE_SOURCE;
				MTL_FAST_MATH = YES;
				ONLY_ACTIVE_ARCH = YES;
				SDKROOT = iphoneos;
				SWIFT_ACTIVE_COMPILATION_CONDITIONS = DEBUG;
				SWIFT_OPTIMIZATION_LEVEL = "-Onone";
				VERSIONING_SYSTEM = "apple-generic";
				VERSION_INFO_PREFIX = "";
			};
			name = Debug;
		};
		DC8496182ACF580700785301 /* Release */ = {
			isa = XCBuildConfiguration;
			buildSettings = {
				ALWAYS_SEARCH_USER_PATHS = NO;
				CLANG_ANALYZER_NONNULL = YES;
				CLANG_ANALYZER_NUMBER_OBJECT_CONVERSION = YES_AGGRESSIVE;
				CLANG_CXX_LANGUAGE_STANDARD = "gnu++20";
				CLANG_ENABLE_MODULES = YES;
				CLANG_ENABLE_OBJC_ARC = YES;
				CLANG_ENABLE_OBJC_WEAK = YES;
				CLANG_WARN_BLOCK_CAPTURE_AUTORELEASING = YES;
				CLANG_WARN_BOOL_CONVERSION = YES;
				CLANG_WARN_COMMA = YES;
				CLANG_WARN_CONSTANT_CONVERSION = YES;
				CLANG_WARN_DEPRECATED_OBJC_IMPLEMENTATIONS = YES;
				CLANG_WARN_DIRECT_OBJC_ISA_USAGE = YES_ERROR;
				CLANG_WARN_DOCUMENTATION_COMMENTS = YES;
				CLANG_WARN_EMPTY_BODY = YES;
				CLANG_WARN_ENUM_CONVERSION = YES;
				CLANG_WARN_INFINITE_RECURSION = YES;
				CLANG_WARN_INT_CONVERSION = YES;
				CLANG_WARN_NON_LITERAL_NULL_CONVERSION = YES;
				CLANG_WARN_OBJC_IMPLICIT_RETAIN_SELF = YES;
				CLANG_WARN_OBJC_LITERAL_CONVERSION = YES;
				CLANG_WARN_OBJC_ROOT_CLASS = YES_ERROR;
				CLANG_WARN_QUOTED_INCLUDE_IN_FRAMEWORK_HEADER = YES;
				CLANG_WARN_RANGE_LOOP_ANALYSIS = YES;
				CLANG_WARN_STRICT_PROTOTYPES = YES;
				CLANG_WARN_SUSPICIOUS_MOVE = YES;
				CLANG_WARN_UNGUARDED_AVAILABILITY = YES_AGGRESSIVE;
				CLANG_WARN_UNREACHABLE_CODE = YES;
				CLANG_WARN__DUPLICATE_METHOD_MATCH = YES;
				COPY_PHASE_STRIP = NO;
				CURRENT_PROJECT_VERSION = 1;
				DEBUG_INFORMATION_FORMAT = "dwarf-with-dsym";
				ENABLE_NS_ASSERTIONS = NO;
				ENABLE_STRICT_OBJC_MSGSEND = YES;
				GCC_C_LANGUAGE_STANDARD = gnu11;
				GCC_NO_COMMON_BLOCKS = YES;
				GCC_WARN_64_TO_32_BIT_CONVERSION = YES;
				GCC_WARN_ABOUT_RETURN_TYPE = YES_ERROR;
				GCC_WARN_UNDECLARED_SELECTOR = YES;
				GCC_WARN_UNINITIALIZED_AUTOS = YES_AGGRESSIVE;
				GCC_WARN_UNUSED_FUNCTION = YES;
				GCC_WARN_UNUSED_VARIABLE = YES;
				IPHONEOS_DEPLOYMENT_TARGET = 16.4;
				MTL_ENABLE_DEBUG_INFO = NO;
				MTL_FAST_MATH = YES;
				SDKROOT = iphoneos;
				SWIFT_COMPILATION_MODE = wholemodule;
				SWIFT_OPTIMIZATION_LEVEL = "-O";
				VALIDATE_PRODUCT = YES;
				VERSIONING_SYSTEM = "apple-generic";
				VERSION_INFO_PREFIX = "";
			};
			name = Release;
		};
		DC8496342ACF58B200785301 /* Debug */ = {
			isa = XCBuildConfiguration;
			buildSettings = {
				CLANG_ENABLE_MODULES = YES;
				CODE_SIGN_STYLE = Automatic;
				COMBINE_HIDPI_IMAGES = YES;
				CURRENT_PROJECT_VERSION = 1;
				DEFINES_MODULE = YES;
				DYLIB_COMPATIBILITY_VERSION = 1;
				DYLIB_CURRENT_VERSION = 1;
				DYLIB_INSTALL_NAME_BASE = "@rpath";
				ENABLE_MODULE_VERIFIER = YES;
				GENERATE_INFOPLIST_FILE = YES;
				INFOPLIST_KEY_NSHumanReadableCopyright = "";
				INSTALL_PATH = "$(LOCAL_LIBRARY_DIR)/Frameworks";
				LD_RUNPATH_SEARCH_PATHS = (
					"$(inherited)",
					"@executable_path/../Frameworks",
					"@loader_path/Frameworks",
				);
				MACOSX_DEPLOYMENT_TARGET = 13.3;
				MARKETING_VERSION = 1.0;
				MODULE_VERIFIER_SUPPORTED_LANGUAGES = "objective-c objective-c++";
				MODULE_VERIFIER_SUPPORTED_LANGUAGE_STANDARDS = "gnu11 gnu++20";
				PRODUCT_BUNDLE_IDENTIFIER = com.RickMorty.NetworkClient;
				PRODUCT_NAME = "$(TARGET_NAME:c99extidentifier)";
				SDKROOT = macosx;
				SKIP_INSTALL = YES;
				SUPPORTED_PLATFORMS = "iphoneos iphonesimulator macosx";
				SUPPORTS_MACCATALYST = NO;
				SUPPORTS_MAC_DESIGNED_FOR_IPHONE_IPAD = YES;
				SWIFT_EMIT_LOC_STRINGS = YES;
				SWIFT_OPTIMIZATION_LEVEL = "-Onone";
				SWIFT_VERSION = 5.0;
				TARGETED_DEVICE_FAMILY = "1,2";
			};
			name = Debug;
		};
		DC8496352ACF58B200785301 /* Release */ = {
			isa = XCBuildConfiguration;
			buildSettings = {
				CLANG_ENABLE_MODULES = YES;
				CODE_SIGN_STYLE = Automatic;
				COMBINE_HIDPI_IMAGES = YES;
				CURRENT_PROJECT_VERSION = 1;
				DEFINES_MODULE = YES;
				DYLIB_COMPATIBILITY_VERSION = 1;
				DYLIB_CURRENT_VERSION = 1;
				DYLIB_INSTALL_NAME_BASE = "@rpath";
				ENABLE_MODULE_VERIFIER = YES;
				GENERATE_INFOPLIST_FILE = YES;
				INFOPLIST_KEY_NSHumanReadableCopyright = "";
				INSTALL_PATH = "$(LOCAL_LIBRARY_DIR)/Frameworks";
				LD_RUNPATH_SEARCH_PATHS = (
					"$(inherited)",
					"@executable_path/../Frameworks",
					"@loader_path/Frameworks",
				);
				MACOSX_DEPLOYMENT_TARGET = 13.3;
				MARKETING_VERSION = 1.0;
				MODULE_VERIFIER_SUPPORTED_LANGUAGES = "objective-c objective-c++";
				MODULE_VERIFIER_SUPPORTED_LANGUAGE_STANDARDS = "gnu11 gnu++20";
				PRODUCT_BUNDLE_IDENTIFIER = com.RickMorty.NetworkClient;
				PRODUCT_NAME = "$(TARGET_NAME:c99extidentifier)";
				SDKROOT = macosx;
				SKIP_INSTALL = YES;
				SUPPORTED_PLATFORMS = "iphoneos iphonesimulator macosx";
				SUPPORTS_MACCATALYST = NO;
				SUPPORTS_MAC_DESIGNED_FOR_IPHONE_IPAD = YES;
				SWIFT_EMIT_LOC_STRINGS = YES;
				SWIFT_VERSION = 5.0;
				TARGETED_DEVICE_FAMILY = "1,2";
			};
			name = Release;
		};
		DC8496372ACF58B200785301 /* Debug */ = {
			isa = XCBuildConfiguration;
			buildSettings = {
				ALWAYS_EMBED_SWIFT_STANDARD_LIBRARIES = YES;
				CODE_SIGN_STYLE = Automatic;
				CURRENT_PROJECT_VERSION = 1;
				GENERATE_INFOPLIST_FILE = YES;
				MACOSX_DEPLOYMENT_TARGET = 13.3;
				MARKETING_VERSION = 1.0;
				PRODUCT_BUNDLE_IDENTIFIER = com.RickMorty.NetworkClientTests;
				PRODUCT_NAME = "$(TARGET_NAME)";
				SDKROOT = macosx;
				SUPPORTED_PLATFORMS = "iphoneos iphonesimulator macosx";
				SUPPORTS_MACCATALYST = YES;
				SUPPORTS_MAC_DESIGNED_FOR_IPHONE_IPAD = NO;
				SWIFT_EMIT_LOC_STRINGS = NO;
				SWIFT_VERSION = 5.0;
				TARGETED_DEVICE_FAMILY = "1,2";
			};
			name = Debug;
		};
		DC8496382ACF58B200785301 /* Release */ = {
			isa = XCBuildConfiguration;
			buildSettings = {
				ALWAYS_EMBED_SWIFT_STANDARD_LIBRARIES = YES;
				CODE_SIGN_STYLE = Automatic;
				CURRENT_PROJECT_VERSION = 1;
				GENERATE_INFOPLIST_FILE = YES;
				MACOSX_DEPLOYMENT_TARGET = 13.3;
				MARKETING_VERSION = 1.0;
				PRODUCT_BUNDLE_IDENTIFIER = com.RickMorty.NetworkClientTests;
				PRODUCT_NAME = "$(TARGET_NAME)";
				SDKROOT = macosx;
				SUPPORTED_PLATFORMS = "iphoneos iphonesimulator macosx";
				SUPPORTS_MACCATALYST = YES;
				SUPPORTS_MAC_DESIGNED_FOR_IPHONE_IPAD = NO;
				SWIFT_EMIT_LOC_STRINGS = NO;
				SWIFT_VERSION = 5.0;
				TARGETED_DEVICE_FAMILY = "1,2";
			};
			name = Release;
		};
		DCB4DE932AD1AA660047217F /* Debug */ = {
			isa = XCBuildConfiguration;
			buildSettings = {
				CLANG_ENABLE_MODULES = YES;
				CODE_SIGN_STYLE = Automatic;
				COMBINE_HIDPI_IMAGES = YES;
				CURRENT_PROJECT_VERSION = 1;
				DEFINES_MODULE = YES;
				DYLIB_COMPATIBILITY_VERSION = 1;
				DYLIB_CURRENT_VERSION = 1;
				DYLIB_INSTALL_NAME_BASE = "@rpath";
				ENABLE_MODULE_VERIFIER = YES;
				GENERATE_INFOPLIST_FILE = YES;
				INFOPLIST_KEY_NSHumanReadableCopyright = "";
				INSTALL_PATH = "$(LOCAL_LIBRARY_DIR)/Frameworks";
				LD_RUNPATH_SEARCH_PATHS = (
					"$(inherited)",
					"@executable_path/../Frameworks",
					"@loader_path/Frameworks",
				);
				MACOSX_DEPLOYMENT_TARGET = 13.3;
				MARKETING_VERSION = 1.0;
				MODULE_VERIFIER_SUPPORTED_LANGUAGES = "objective-c objective-c++";
				MODULE_VERIFIER_SUPPORTED_LANGUAGE_STANDARDS = "gnu11 gnu++20";
				PRODUCT_BUNDLE_IDENTIFIER = com.RickMorty.RickMortyDomain;
				PRODUCT_NAME = "$(TARGET_NAME:c99extidentifier)";
				SDKROOT = macosx;
				SKIP_INSTALL = YES;
				SUPPORTED_PLATFORMS = "iphoneos iphonesimulator macosx";
				SUPPORTS_MACCATALYST = NO;
				SUPPORTS_MAC_DESIGNED_FOR_IPHONE_IPAD = YES;
				SWIFT_EMIT_LOC_STRINGS = YES;
				SWIFT_OPTIMIZATION_LEVEL = "-Onone";
				SWIFT_VERSION = 5.0;
				TARGETED_DEVICE_FAMILY = "1,2";
			};
			name = Debug;
		};
		DCB4DE942AD1AA660047217F /* Release */ = {
			isa = XCBuildConfiguration;
			buildSettings = {
				CLANG_ENABLE_MODULES = YES;
				CODE_SIGN_STYLE = Automatic;
				COMBINE_HIDPI_IMAGES = YES;
				CURRENT_PROJECT_VERSION = 1;
				DEFINES_MODULE = YES;
				DYLIB_COMPATIBILITY_VERSION = 1;
				DYLIB_CURRENT_VERSION = 1;
				DYLIB_INSTALL_NAME_BASE = "@rpath";
				ENABLE_MODULE_VERIFIER = YES;
				GENERATE_INFOPLIST_FILE = YES;
				INFOPLIST_KEY_NSHumanReadableCopyright = "";
				INSTALL_PATH = "$(LOCAL_LIBRARY_DIR)/Frameworks";
				LD_RUNPATH_SEARCH_PATHS = (
					"$(inherited)",
					"@executable_path/../Frameworks",
					"@loader_path/Frameworks",
				);
				MACOSX_DEPLOYMENT_TARGET = 13.3;
				MARKETING_VERSION = 1.0;
				MODULE_VERIFIER_SUPPORTED_LANGUAGES = "objective-c objective-c++";
				MODULE_VERIFIER_SUPPORTED_LANGUAGE_STANDARDS = "gnu11 gnu++20";
				PRODUCT_BUNDLE_IDENTIFIER = com.RickMorty.RickMortyDomain;
				PRODUCT_NAME = "$(TARGET_NAME:c99extidentifier)";
				SDKROOT = macosx;
				SKIP_INSTALL = YES;
				SUPPORTED_PLATFORMS = "iphoneos iphonesimulator macosx";
				SUPPORTS_MACCATALYST = NO;
				SUPPORTS_MAC_DESIGNED_FOR_IPHONE_IPAD = YES;
				SWIFT_EMIT_LOC_STRINGS = YES;
				SWIFT_VERSION = 5.0;
				TARGETED_DEVICE_FAMILY = "1,2";
			};
			name = Release;
		};
		DCB4DE962AD1AA660047217F /* Debug */ = {
			isa = XCBuildConfiguration;
			buildSettings = {
				ALWAYS_EMBED_SWIFT_STANDARD_LIBRARIES = YES;
				CODE_SIGN_STYLE = Automatic;
				CURRENT_PROJECT_VERSION = 1;
				GENERATE_INFOPLIST_FILE = YES;
				MACOSX_DEPLOYMENT_TARGET = 13.3;
				MARKETING_VERSION = 1.0;
				PRODUCT_BUNDLE_IDENTIFIER = com.RickMorty.RickMortyDomainTests;
				PRODUCT_NAME = "$(TARGET_NAME)";
				SDKROOT = macosx;
				SUPPORTED_PLATFORMS = "iphoneos iphonesimulator macosx";
				SUPPORTS_MACCATALYST = YES;
				SUPPORTS_MAC_DESIGNED_FOR_IPHONE_IPAD = NO;
				SWIFT_EMIT_LOC_STRINGS = NO;
				SWIFT_VERSION = 5.0;
				TARGETED_DEVICE_FAMILY = "1,2";
			};
			name = Debug;
		};
		DCB4DE972AD1AA660047217F /* Release */ = {
			isa = XCBuildConfiguration;
			buildSettings = {
				ALWAYS_EMBED_SWIFT_STANDARD_LIBRARIES = YES;
				CODE_SIGN_STYLE = Automatic;
				CURRENT_PROJECT_VERSION = 1;
				GENERATE_INFOPLIST_FILE = YES;
				MACOSX_DEPLOYMENT_TARGET = 13.3;
				MARKETING_VERSION = 1.0;
				PRODUCT_BUNDLE_IDENTIFIER = com.RickMorty.RickMortyDomainTests;
				PRODUCT_NAME = "$(TARGET_NAME)";
				SDKROOT = macosx;
				SUPPORTED_PLATFORMS = "iphoneos iphonesimulator macosx";
				SUPPORTS_MACCATALYST = YES;
				SUPPORTS_MAC_DESIGNED_FOR_IPHONE_IPAD = NO;
				SWIFT_EMIT_LOC_STRINGS = NO;
				SWIFT_VERSION = 5.0;
				TARGETED_DEVICE_FAMILY = "1,2";
			};
			name = Release;
		};
		DCD9AF8C2AE9E34C00838A03 /* Debug */ = {
			isa = XCBuildConfiguration;
			buildSettings = {
				ASSETCATALOG_COMPILER_APPICON_NAME = AppIcon;
				ASSETCATALOG_COMPILER_GLOBAL_ACCENT_COLOR_NAME = AccentColor;
				CODE_SIGN_STYLE = Automatic;
				CURRENT_PROJECT_VERSION = 1;
				GENERATE_INFOPLIST_FILE = YES;
				INFOPLIST_FILE = WubbaLubba/Info.plist;
				INFOPLIST_KEY_UIApplicationSupportsIndirectInputEvents = YES;
				INFOPLIST_KEY_UILaunchStoryboardName = LaunchScreen;
				INFOPLIST_KEY_UISupportedInterfaceOrientations_iPad = "UIInterfaceOrientationPortrait UIInterfaceOrientationPortraitUpsideDown UIInterfaceOrientationLandscapeLeft UIInterfaceOrientationLandscapeRight";
				INFOPLIST_KEY_UISupportedInterfaceOrientations_iPhone = "UIInterfaceOrientationPortrait UIInterfaceOrientationLandscapeLeft UIInterfaceOrientationLandscapeRight";
				LD_RUNPATH_SEARCH_PATHS = (
					"$(inherited)",
					"@executable_path/Frameworks",
				);
				MARKETING_VERSION = 1.0;
				PRODUCT_BUNDLE_IDENTIFIER = com.RickMorty.WubbaLubba;
				PRODUCT_NAME = "$(TARGET_NAME)";
				SWIFT_EMIT_LOC_STRINGS = YES;
				SWIFT_VERSION = 5.0;
				TARGETED_DEVICE_FAMILY = "1,2";
			};
			name = Debug;
		};
		DCD9AF8D2AE9E34C00838A03 /* Release */ = {
			isa = XCBuildConfiguration;
			buildSettings = {
				ASSETCATALOG_COMPILER_APPICON_NAME = AppIcon;
				ASSETCATALOG_COMPILER_GLOBAL_ACCENT_COLOR_NAME = AccentColor;
				CODE_SIGN_STYLE = Automatic;
				CURRENT_PROJECT_VERSION = 1;
				GENERATE_INFOPLIST_FILE = YES;
				INFOPLIST_FILE = WubbaLubba/Info.plist;
				INFOPLIST_KEY_UIApplicationSupportsIndirectInputEvents = YES;
				INFOPLIST_KEY_UILaunchStoryboardName = LaunchScreen;
				INFOPLIST_KEY_UISupportedInterfaceOrientations_iPad = "UIInterfaceOrientationPortrait UIInterfaceOrientationPortraitUpsideDown UIInterfaceOrientationLandscapeLeft UIInterfaceOrientationLandscapeRight";
				INFOPLIST_KEY_UISupportedInterfaceOrientations_iPhone = "UIInterfaceOrientationPortrait UIInterfaceOrientationLandscapeLeft UIInterfaceOrientationLandscapeRight";
				LD_RUNPATH_SEARCH_PATHS = (
					"$(inherited)",
					"@executable_path/Frameworks",
				);
				MARKETING_VERSION = 1.0;
				PRODUCT_BUNDLE_IDENTIFIER = com.RickMorty.WubbaLubba;
				PRODUCT_NAME = "$(TARGET_NAME)";
				SWIFT_EMIT_LOC_STRINGS = YES;
				SWIFT_VERSION = 5.0;
				TARGETED_DEVICE_FAMILY = "1,2";
			};
			name = Release;
		};
		DCD9AF8F2AE9E34C00838A03 /* Debug */ = {
			isa = XCBuildConfiguration;
			buildSettings = {
				ALWAYS_EMBED_SWIFT_STANDARD_LIBRARIES = YES;
				BUNDLE_LOADER = "$(TEST_HOST)";
				CODE_SIGN_STYLE = Automatic;
				CURRENT_PROJECT_VERSION = 1;
				GENERATE_INFOPLIST_FILE = YES;
				IPHONEOS_DEPLOYMENT_TARGET = 16.4;
				MARKETING_VERSION = 1.0;
				PRODUCT_BUNDLE_IDENTIFIER = com.RickMorty.WubbaLubbaTests;
				PRODUCT_NAME = "$(TARGET_NAME)";
				SWIFT_EMIT_LOC_STRINGS = NO;
				SWIFT_VERSION = 5.0;
				TARGETED_DEVICE_FAMILY = "1,2";
				TEST_HOST = "$(BUILT_PRODUCTS_DIR)/WubbaLubba.app/$(BUNDLE_EXECUTABLE_FOLDER_PATH)/WubbaLubba";
			};
			name = Debug;
		};
		DCD9AF902AE9E34C00838A03 /* Release */ = {
			isa = XCBuildConfiguration;
			buildSettings = {
				ALWAYS_EMBED_SWIFT_STANDARD_LIBRARIES = YES;
				BUNDLE_LOADER = "$(TEST_HOST)";
				CODE_SIGN_STYLE = Automatic;
				CURRENT_PROJECT_VERSION = 1;
				GENERATE_INFOPLIST_FILE = YES;
				IPHONEOS_DEPLOYMENT_TARGET = 16.4;
				MARKETING_VERSION = 1.0;
				PRODUCT_BUNDLE_IDENTIFIER = com.RickMorty.WubbaLubbaTests;
				PRODUCT_NAME = "$(TARGET_NAME)";
				SWIFT_EMIT_LOC_STRINGS = NO;
				SWIFT_VERSION = 5.0;
				TARGETED_DEVICE_FAMILY = "1,2";
				TEST_HOST = "$(BUILT_PRODUCTS_DIR)/WubbaLubba.app/$(BUNDLE_EXECUTABLE_FOLDER_PATH)/WubbaLubba";
			};
			name = Release;
		};
		DCD9AF922AE9E34C00838A03 /* Debug */ = {
			isa = XCBuildConfiguration;
			buildSettings = {
				ALWAYS_EMBED_SWIFT_STANDARD_LIBRARIES = YES;
				CODE_SIGN_STYLE = Automatic;
				CURRENT_PROJECT_VERSION = 1;
				GENERATE_INFOPLIST_FILE = YES;
				MARKETING_VERSION = 1.0;
				PRODUCT_BUNDLE_IDENTIFIER = com.RickMorty.WubbaLubbaUITests;
				PRODUCT_NAME = "$(TARGET_NAME)";
				SWIFT_EMIT_LOC_STRINGS = NO;
				SWIFT_VERSION = 5.0;
				TARGETED_DEVICE_FAMILY = "1,2";
				TEST_TARGET_NAME = WubbaLubba;
			};
			name = Debug;
		};
		DCD9AF932AE9E34C00838A03 /* Release */ = {
			isa = XCBuildConfiguration;
			buildSettings = {
				ALWAYS_EMBED_SWIFT_STANDARD_LIBRARIES = YES;
				CODE_SIGN_STYLE = Automatic;
				CURRENT_PROJECT_VERSION = 1;
				GENERATE_INFOPLIST_FILE = YES;
				MARKETING_VERSION = 1.0;
				PRODUCT_BUNDLE_IDENTIFIER = com.RickMorty.WubbaLubbaUITests;
				PRODUCT_NAME = "$(TARGET_NAME)";
				SWIFT_EMIT_LOC_STRINGS = NO;
				SWIFT_VERSION = 5.0;
				TARGETED_DEVICE_FAMILY = "1,2";
				TEST_TARGET_NAME = WubbaLubba;
			};
			name = Release;
		};
/* End XCBuildConfiguration section */

/* Begin XCConfigurationList section */
		DC1B24DB2AD9FD1800D00FD5 /* Build configuration list for PBXNativeTarget "RickMortyUI" */ = {
			isa = XCConfigurationList;
			buildConfigurations = (
				DC1B24D72AD9FD1800D00FD5 /* Debug */,
				DC1B24D82AD9FD1800D00FD5 /* Release */,
			);
			defaultConfigurationIsVisible = 0;
			defaultConfigurationName = Release;
		};
		DC1B24DC2AD9FD1800D00FD5 /* Build configuration list for PBXNativeTarget "RickMortyUITests" */ = {
			isa = XCConfigurationList;
			buildConfigurations = (
				DC1B24D92AD9FD1800D00FD5 /* Debug */,
				DC1B24DA2AD9FD1800D00FD5 /* Release */,
			);
			defaultConfigurationIsVisible = 0;
			defaultConfigurationName = Release;
		};
		DC8496012ACF580700785301 /* Build configuration list for PBXProject "RickMorty" */ = {
			isa = XCConfigurationList;
			buildConfigurations = (
				DC8496172ACF580700785301 /* Debug */,
				DC8496182ACF580700785301 /* Release */,
			);
			defaultConfigurationIsVisible = 0;
			defaultConfigurationName = Release;
		};
		DC8496332ACF58B200785301 /* Build configuration list for PBXNativeTarget "NetworkClient" */ = {
			isa = XCConfigurationList;
			buildConfigurations = (
				DC8496342ACF58B200785301 /* Debug */,
				DC8496352ACF58B200785301 /* Release */,
			);
			defaultConfigurationIsVisible = 0;
			defaultConfigurationName = Release;
		};
		DC8496362ACF58B200785301 /* Build configuration list for PBXNativeTarget "NetworkClientTests" */ = {
			isa = XCConfigurationList;
			buildConfigurations = (
				DC8496372ACF58B200785301 /* Debug */,
				DC8496382ACF58B200785301 /* Release */,
			);
			defaultConfigurationIsVisible = 0;
			defaultConfigurationName = Release;
		};
		DCB4DE922AD1AA660047217F /* Build configuration list for PBXNativeTarget "RickMortyDomain" */ = {
			isa = XCConfigurationList;
			buildConfigurations = (
				DCB4DE932AD1AA660047217F /* Debug */,
				DCB4DE942AD1AA660047217F /* Release */,
			);
			defaultConfigurationIsVisible = 0;
			defaultConfigurationName = Release;
		};
		DCB4DE952AD1AA660047217F /* Build configuration list for PBXNativeTarget "RickMortyDomainTests" */ = {
			isa = XCConfigurationList;
			buildConfigurations = (
				DCB4DE962AD1AA660047217F /* Debug */,
				DCB4DE972AD1AA660047217F /* Release */,
			);
			defaultConfigurationIsVisible = 0;
			defaultConfigurationName = Release;
		};
		DCD9AF8B2AE9E34C00838A03 /* Build configuration list for PBXNativeTarget "WubbaLubba" */ = {
			isa = XCConfigurationList;
			buildConfigurations = (
				DCD9AF8C2AE9E34C00838A03 /* Debug */,
				DCD9AF8D2AE9E34C00838A03 /* Release */,
			);
			defaultConfigurationIsVisible = 0;
			defaultConfigurationName = Release;
		};
		DCD9AF8E2AE9E34C00838A03 /* Build configuration list for PBXNativeTarget "WubbaLubbaTests" */ = {
			isa = XCConfigurationList;
			buildConfigurations = (
				DCD9AF8F2AE9E34C00838A03 /* Debug */,
				DCD9AF902AE9E34C00838A03 /* Release */,
			);
			defaultConfigurationIsVisible = 0;
			defaultConfigurationName = Release;
		};
		DCD9AF912AE9E34C00838A03 /* Build configuration list for PBXNativeTarget "WubbaLubbaUITests" */ = {
			isa = XCConfigurationList;
			buildConfigurations = (
				DCD9AF922AE9E34C00838A03 /* Debug */,
				DCD9AF932AE9E34C00838A03 /* Release */,
			);
			defaultConfigurationIsVisible = 0;
			defaultConfigurationName = Release;
		};
/* End XCConfigurationList section */
	};
	rootObject = DC8495FE2ACF580700785301 /* Project object */;
}
